
Microsoft Visual Studio Solution File, Format Version 12.00
# Visual Studio Version 16
VisualStudioVersion = 16.0.29613.14
MinimumVisualStudioVersion = 10.0.40219.1
Project("{FAE04EC0-301F-11D3-BF4B-00C04F79EFBC}") = "Coursework", "Coursework.csproj", "{AD27DF23-B26D-416E-B6B8-9D2DFB622311}"
EndProject
Global
	GlobalSection(SolutionConfigurationPlatforms) = preSolution
		Debug|Any CPU = Debug|Any CPU
		Release|Any CPU = Release|Any CPU
	EndGlobalSection
	GlobalSection(ProjectConfigurationPlatforms) = postSolution
		{AD27DF23-B26D-416E-B6B8-9D2DFB622311}.Debug|Any CPU.ActiveCfg = Debug|Any CPU
		{AD27DF23-B26D-416E-B6B8-9D2DFB622311}.Debug|Any CPU.Build.0 = Debug|Any CPU
		{AD27DF23-B26D-416E-B6B8-9D2DFB622311}.Release|Any CPU.ActiveCfg = Release|Any CPU
		{AD27DF23-B26D-416E-B6B8-9D2DFB622311}.Release|Any CPU.Build.0 = Release|Any CPU
	EndGlobalSection
	GlobalSection(SolutionProperties) = preSolution
		HideSolutionNode = FALSE
	EndGlobalSection
	GlobalSection(ExtensibilityGlobals) = postSolution
		SolutionGuid = {91977D9E-B362-4B31-BD36-D4C9015DB864}
	EndGlobalSection
EndGlobal
