
Microsoft Visual Studio Solution File, Format Version 12.00
# Visual Studio Version 16
VisualStudioVersion = 16.0.29505.145
MinimumVisualStudioVersion = 10.0.40219.1
Project("{FAE04EC0-301F-11D3-BF4B-00C04F79EFBC}") = "Student Information System", "Student Information System\Student Information System.csproj", "{46DDBBD6-A281-4D91-8ECC-C9DDD9A44670}"
EndProject
Project("{2150E333-8FDC-42A3-9474-1A3956D46DE8}") = "Solution Items", "Solution Items", "{14B19BF8-91EF-46C4-9AB1-58D675956CB1}"
	ProjectSection(SolutionItems) = preProject
		.editorconfig = .editorconfig
	EndProjectSection
EndProject
Global
	GlobalSection(SolutionConfigurationPlatforms) = preSolution
		Debug|Any CPU = Debug|Any CPU
		Release|Any CPU = Release|Any CPU
	EndGlobalSection
	GlobalSection(ProjectConfigurationPlatforms) = postSolution
		{46DDBBD6-A281-4D91-8ECC-C9DDD9A44670}.Debug|Any CPU.ActiveCfg = Debug|Any CPU
		{46DDBBD6-A281-4D91-8ECC-C9DDD9A44670}.Debug|Any CPU.Build.0 = Debug|Any CPU
		{46DDBBD6-A281-4D91-8ECC-C9DDD9A44670}.Release|Any CPU.ActiveCfg = Release|Any CPU
		{46DDBBD6-A281-4D91-8ECC-C9DDD9A44670}.Release|Any CPU.Build.0 = Release|Any CPU
	EndGlobalSection
	GlobalSection(SolutionProperties) = preSolution
		HideSolutionNode = FALSE
	EndGlobalSection
	GlobalSection(ExtensibilityGlobals) = postSolution
		SolutionGuid = {A8B9F5B2-7C00-46E1-A86B-2CB3BD9409B7}
	EndGlobalSection
EndGlobal
