
Microsoft Visual Studio Solution File, Format Version 12.00
# Visual Studio Version 16
VisualStudioVersion = 16.0.29613.14
MinimumVisualStudioVersion = 10.0.40219.1
Project("{FAE04EC0-301F-11D3-BF4B-00C04F79EFBC}") = "coursewoek", "coursewoek.csproj", "{93C97AC8-EE33-44AF-8D07-A872F5347555}"
EndProject
Project("{FAE04EC0-301F-11D3-BF4B-00C04F79EFBC}") = "DataHandle", "..\DataHandle\DataHandle.csproj", "{93250B70-0B6E-4956-B48A-FE0422C5E9D7}"
EndProject
Global
	GlobalSection(SolutionConfigurationPlatforms) = preSolution
		Debug|Any CPU = Debug|Any CPU
		Release|Any CPU = Release|Any CPU
	EndGlobalSection
	GlobalSection(ProjectConfigurationPlatforms) = postSolution
		{93C97AC8-EE33-44AF-8D07-A872F5347555}.Debug|Any CPU.ActiveCfg = Debug|Any CPU
		{93C97AC8-EE33-44AF-8D07-A872F5347555}.Debug|Any CPU.Build.0 = Debug|Any CPU
		{93C97AC8-EE33-44AF-8D07-A872F5347555}.Release|Any CPU.ActiveCfg = Release|Any CPU
		{93C97AC8-EE33-44AF-8D07-A872F5347555}.Release|Any CPU.Build.0 = Release|Any CPU
		{93250B70-0B6E-4956-B48A-FE0422C5E9D7}.Debug|Any CPU.ActiveCfg = Debug|Any CPU
		{93250B70-0B6E-4956-B48A-FE0422C5E9D7}.Debug|Any CPU.Build.0 = Debug|Any CPU
		{93250B70-0B6E-4956-B48A-FE0422C5E9D7}.Release|Any CPU.ActiveCfg = Release|Any CPU
		{93250B70-0B6E-4956-B48A-FE0422C5E9D7}.Release|Any CPU.Build.0 = Release|Any CPU
	EndGlobalSection
	GlobalSection(SolutionProperties) = preSolution
		HideSolutionNode = FALSE
	EndGlobalSection
	GlobalSection(ExtensibilityGlobals) = postSolution
		SolutionGuid = {827EC71E-C91F-4166-8C6F-492F2D755DFD}
	EndGlobalSection
EndGlobal
