
Microsoft Visual Studio Solution File, Format Version 12.00
# Visual Studio Version 16
VisualStudioVersion = 16.0.29613.14
MinimumVisualStudioVersion = 10.0.40219.1
Project("{FAE04EC0-301F-11D3-BF4B-00C04F79EFBC}") = "CWAD", "CWAD.csproj", "{474E33DF-5C64-40FF-BECC-AE16BDAF516A}"
EndProject
Global
	GlobalSection(SolutionConfigurationPlatforms) = preSolution
		Debug|Any CPU = Debug|Any CPU
		Release|Any CPU = Release|Any CPU
	EndGlobalSection
	GlobalSection(ProjectConfigurationPlatforms) = postSolution
		{474E33DF-5C64-40FF-BECC-AE16BDAF516A}.Debug|Any CPU.ActiveCfg = Debug|Any CPU
		{474E33DF-5C64-40FF-BECC-AE16BDAF516A}.Debug|Any CPU.Build.0 = Debug|Any CPU
		{474E33DF-5C64-40FF-BECC-AE16BDAF516A}.Release|Any CPU.ActiveCfg = Release|Any CPU
		{474E33DF-5C64-40FF-BECC-AE16BDAF516A}.Release|Any CPU.Build.0 = Release|Any CPU
	EndGlobalSection
	GlobalSection(SolutionProperties) = preSolution
		HideSolutionNode = FALSE
	EndGlobalSection
	GlobalSection(ExtensibilityGlobals) = postSolution
		SolutionGuid = {22F45EC0-344B-4A0F-BEA5-D1FA49473F87}
	EndGlobalSection
EndGlobal
