
Microsoft Visual Studio Solution File, Format Version 12.00
# Visual Studio Version 16
VisualStudioVersion = 16.0.29509.3
MinimumVisualStudioVersion = 10.0.40219.1
Project("{FAE04EC0-301F-11D3-BF4B-00C04F79EFBC}") = "StudentManagementSystem2.0", "StudentManagementSystem2.0\StudentManagementSystem2.0.csproj", "{2088AAD3-6231-49CF-8D1E-9365E9CBF684}"
EndProject
Project("{FAE04EC0-301F-11D3-BF4B-00C04F79EFBC}") = "DataHandler", "DataHandler\DataHandler.csproj", "{C46F6CA7-A488-4487-8AF1-DB78AE4F7A14}"
EndProject
Global
	GlobalSection(SolutionConfigurationPlatforms) = preSolution
		Debug|Any CPU = Debug|Any CPU
		Release|Any CPU = Release|Any CPU
	EndGlobalSection
	GlobalSection(ProjectConfigurationPlatforms) = postSolution
		{2088AAD3-6231-49CF-8D1E-9365E9CBF684}.Debug|Any CPU.ActiveCfg = Debug|Any CPU
		{2088AAD3-6231-49CF-8D1E-9365E9CBF684}.Debug|Any CPU.Build.0 = Debug|Any CPU
		{2088AAD3-6231-49CF-8D1E-9365E9CBF684}.Release|Any CPU.ActiveCfg = Release|Any CPU
		{2088AAD3-6231-49CF-8D1E-9365E9CBF684}.Release|Any CPU.Build.0 = Release|Any CPU
		{C46F6CA7-A488-4487-8AF1-DB78AE4F7A14}.Debug|Any CPU.ActiveCfg = Debug|Any CPU
		{C46F6CA7-A488-4487-8AF1-DB78AE4F7A14}.Debug|Any CPU.Build.0 = Debug|Any CPU
		{C46F6CA7-A488-4487-8AF1-DB78AE4F7A14}.Release|Any CPU.ActiveCfg = Release|Any CPU
		{C46F6CA7-A488-4487-8AF1-DB78AE4F7A14}.Release|Any CPU.Build.0 = Release|Any CPU
	EndGlobalSection
	GlobalSection(SolutionProperties) = preSolution
		HideSolutionNode = FALSE
	EndGlobalSection
	GlobalSection(ExtensibilityGlobals) = postSolution
		SolutionGuid = {D7D77365-253B-45B6-BB27-A74CB3286F4D}
	EndGlobalSection
EndGlobal
