
Microsoft Visual Studio Solution File, Format Version 12.00
# Visual Studio Version 16
VisualStudioVersion = 16.0.28729.10
MinimumVisualStudioVersion = 10.0.40219.1
Project("{FAE04EC0-301F-11D3-BF4B-00C04F79EFBC}") = "Student_Information_System", "Student_Information_System\Student_Information_System.csproj", "{AD0644FC-CBFD-438B-B75E-E86A157E17A4}"
EndProject
Global
	GlobalSection(SolutionConfigurationPlatforms) = preSolution
		Debug|Any CPU = Debug|Any CPU
		Release|Any CPU = Release|Any CPU
	EndGlobalSection
	GlobalSection(ProjectConfigurationPlatforms) = postSolution
		{AD0644FC-CBFD-438B-B75E-E86A157E17A4}.Debug|Any CPU.ActiveCfg = Debug|Any CPU
		{AD0644FC-CBFD-438B-B75E-E86A157E17A4}.Debug|Any CPU.Build.0 = Debug|Any CPU
		{AD0644FC-CBFD-438B-B75E-E86A157E17A4}.Release|Any CPU.ActiveCfg = Release|Any CPU
		{AD0644FC-CBFD-438B-B75E-E86A157E17A4}.Release|Any CPU.Build.0 = Release|Any CPU
	EndGlobalSection
	GlobalSection(SolutionProperties) = preSolution
		HideSolutionNode = FALSE
	EndGlobalSection
	GlobalSection(ExtensibilityGlobals) = postSolution
		SolutionGuid = {8BAE768A-D48F-44D4-B489-3001A7B3F4C4}
	EndGlobalSection
EndGlobal
