
Microsoft Visual Studio Solution File, Format Version 12.00
# Visual Studio Version 16
VisualStudioVersion = 16.0.29613.14
MinimumVisualStudioVersion = 10.0.40219.1
Project("{FAE04EC0-301F-11D3-BF4B-00C04F79EFBC}") = "Student_Management", "Student_Management\Student_Management.csproj", "{CE1DDC8C-80C9-468E-B052-72AC5A37BB10}"
EndProject
Global
	GlobalSection(SolutionConfigurationPlatforms) = preSolution
		Debug|Any CPU = Debug|Any CPU
		Release|Any CPU = Release|Any CPU
	EndGlobalSection
	GlobalSection(ProjectConfigurationPlatforms) = postSolution
		{CE1DDC8C-80C9-468E-B052-72AC5A37BB10}.Debug|Any CPU.ActiveCfg = Debug|Any CPU
		{CE1DDC8C-80C9-468E-B052-72AC5A37BB10}.Debug|Any CPU.Build.0 = Debug|Any CPU
		{CE1DDC8C-80C9-468E-B052-72AC5A37BB10}.Release|Any CPU.ActiveCfg = Release|Any CPU
		{CE1DDC8C-80C9-468E-B052-72AC5A37BB10}.Release|Any CPU.Build.0 = Release|Any CPU
	EndGlobalSection
	GlobalSection(SolutionProperties) = preSolution
		HideSolutionNode = FALSE
	EndGlobalSection
	GlobalSection(ExtensibilityGlobals) = postSolution
		SolutionGuid = {74F9709D-1616-4D54-B972-867028BD9AEB}
	EndGlobalSection
EndGlobal
