
Microsoft Visual Studio Solution File, Format Version 12.00
# Visual Studio Version 16
VisualStudioVersion = 16.0.29503.13
MinimumVisualStudioVersion = 10.0.40219.1
Project("{FAE04EC0-301F-11D3-BF4B-00C04F79EFBC}") = "CourseWorkAD", "CourseWorkAD\CourseWorkAD.csproj", "{B8FE862E-3679-4294-8EDF-92F0EFDD6B86}"
EndProject
Project("{FAE04EC0-301F-11D3-BF4B-00C04F79EFBC}") = "Datahandler", "Datahandler\Datahandler.csproj", "{BE65654B-54F2-4102-959F-CC31189352F4}"
EndProject
Global
	GlobalSection(SolutionConfigurationPlatforms) = preSolution
		Debug|Any CPU = Debug|Any CPU
		Release|Any CPU = Release|Any CPU
	EndGlobalSection
	GlobalSection(ProjectConfigurationPlatforms) = postSolution
		{B8FE862E-3679-4294-8EDF-92F0EFDD6B86}.Debug|Any CPU.ActiveCfg = Debug|Any CPU
		{B8FE862E-3679-4294-8EDF-92F0EFDD6B86}.Debug|Any CPU.Build.0 = Debug|Any CPU
		{B8FE862E-3679-4294-8EDF-92F0EFDD6B86}.Release|Any CPU.ActiveCfg = Release|Any CPU
		{B8FE862E-3679-4294-8EDF-92F0EFDD6B86}.Release|Any CPU.Build.0 = Release|Any CPU
		{BE65654B-54F2-4102-959F-CC31189352F4}.Debug|Any CPU.ActiveCfg = Debug|Any CPU
		{BE65654B-54F2-4102-959F-CC31189352F4}.Debug|Any CPU.Build.0 = Debug|Any CPU
		{BE65654B-54F2-4102-959F-CC31189352F4}.Release|Any CPU.ActiveCfg = Release|Any CPU
		{BE65654B-54F2-4102-959F-CC31189352F4}.Release|Any CPU.Build.0 = Release|Any CPU
	EndGlobalSection
	GlobalSection(SolutionProperties) = preSolution
		HideSolutionNode = FALSE
	EndGlobalSection
	GlobalSection(ExtensibilityGlobals) = postSolution
		SolutionGuid = {B4CFEEA4-508F-4C5C-8C94-5C71DBCA84AA}
	EndGlobalSection
EndGlobal
